
Microsoft Visual Studio Solution File, Format Version 12.00
# Visual Studio Version 17
VisualStudioVersion = 17.3.32922.545
MinimumVisualStudioVersion = 10.0.40219.1
Project("{FAE04EC0-301F-11D3-BF4B-00C04F79EFBC}") = "RainbowButtons", "RainbowButtons.csproj", "{127C3B86-46A4-4399-9707-B947CA76761C}"
EndProject
Global
	GlobalSection(SolutionConfigurationPlatforms) = preSolution
		Debug|Any CPU = Debug|Any CPU
		Release|Any CPU = Release|Any CPU
	EndGlobalSection
	GlobalSection(ProjectConfigurationPlatforms) = postSolution
		{127C3B86-46A4-4399-9707-B947CA76761C}.Debug|Any CPU.ActiveCfg = Debug|Any CPU
		{127C3B86-46A4-4399-9707-B947CA76761C}.Debug|Any CPU.Build.0 = Debug|Any CPU
		{127C3B86-46A4-4399-9707-B947CA76761C}.Release|Any CPU.ActiveCfg = Release|Any CPU
		{127C3B86-46A4-4399-9707-B947CA76761C}.Release|Any CPU.Build.0 = Release|Any CPU
	EndGlobalSection
	GlobalSection(SolutionProperties) = preSolution
		HideSolutionNode = FALSE
	EndGlobalSection
	GlobalSection(ExtensibilityGlobals) = postSolution
		SolutionGuid = {81D91EB6-97A4-4600-B7CD-08DBF3B9B553}
	EndGlobalSection
EndGlobal
